# THIS IS AN AUTOGENERATED FILE. DO NOT EDIT THIS FILE DIRECTLY.
# yarn lockfile v1


"@polymer/app-layout@3.0.0-pre.12":
  version "3.0.0-pre.12"
  resolved "https://registry.yarnpkg.com/@polymer/app-layout/-/app-layout-3.0.0-pre.12.tgz#3e93514ecdc5e02a6b9fca586eb9d46ff78a4992"
  dependencies:
    "@polymer/iron-flex-layout" "3.0.0-pre.12"
    "@polymer/iron-media-query" "3.0.0-pre.12"
    "@polymer/iron-resizable-behavior" "3.0.0-pre.12"
    "@polymer/iron-scroll-target-behavior" "3.0.0-pre.12"
    "@polymer/polymer" "3.0.0-pre.12"

"@polymer/font-roboto@3.0.0-pre.12":
  version "3.0.0-pre.12"
  resolved "https://registry.yarnpkg.com/@polymer/font-roboto/-/font-roboto-3.0.0-pre.12.tgz#b19391245d1d36369f4c6136e0a328468f18f423"

"@polymer/gen-typescript-declarations@^1.2.0":
  version "1.2.2"
  resolved "https://registry.yarnpkg.com/@polymer/gen-typescript-declarations/-/gen-typescript-declarations-1.2.2.tgz#3f12e70adcbb4cf79c1a4bd868542c67493e8da1"
  dependencies:
    "@types/doctrine" "0.0.3"
    "@types/fs-extra" "^5.0.0"
    "@types/glob" "^5.0.35"
    command-line-args "^5.0.1"
    command-line-usage "^5.0.2"
    doctrine "^2.0.0"
    escodegen "^1.9.0"
    fs-extra "^5.0.0"
    glob "^7.1.2"
    minimatch "^3.0.4"
    polymer-analyzer "=3.0.0-pre.14"
    vscode-uri "^1.0.3"

"@polymer/iron-a11y-announcer@3.0.0-pre.12":
  version "3.0.0-pre.12"
  resolved "https://registry.yarnpkg.com/@polymer/iron-a11y-announcer/-/iron-a11y-announcer-3.0.0-pre.12.tgz#1af9b650c9feaba6702622a2612475c18b2d6a83"
  dependencies:
    "@polymer/polymer" "3.0.0-pre.12"

"@polymer/iron-a11y-keys-behavior@3.0.0-pre.12":
  version "3.0.0-pre.12"
  resolved "https://registry.yarnpkg.com/@polymer/iron-a11y-keys-behavior/-/iron-a11y-keys-behavior-3.0.0-pre.12.tgz#bb25b4b991c30514b2e156ed92952c7ce0e34c81"
  dependencies:
    "@polymer/polymer" "3.0.0-pre.12"

"@polymer/iron-ajax@3.0.0-pre.12":
  version "3.0.0-pre.12"
  resolved "https://registry.yarnpkg.com/@polymer/iron-ajax/-/iron-ajax-3.0.0-pre.12.tgz#fa995654e88cdef2073e3d97c206082e0f2609c8"
  dependencies:
    "@polymer/polymer" "3.0.0-pre.12"

"@polymer/iron-behaviors@3.0.0-pre.12":
  version "3.0.0-pre.12"
  resolved "https://registry.yarnpkg.com/@polymer/iron-behaviors/-/iron-behaviors-3.0.0-pre.12.tgz#b5a337c5e493b8e91b9d89ddb10ae6c1d864f835"
  dependencies:
    "@polymer/iron-a11y-keys-behavior" "3.0.0-pre.12"
    "@polymer/polymer" "3.0.0-pre.12"

"@polymer/iron-checked-element-behavior@3.0.0-pre.12":
  version "3.0.0-pre.12"
  resolved "https://registry.yarnpkg.com/@polymer/iron-checked-element-behavior/-/iron-checked-element-behavior-3.0.0-pre.12.tgz#f616aea6658037807186896dbdc83b7d44119c29"
  dependencies:
    "@polymer/iron-form-element-behavior" "3.0.0-pre.12"
    "@polymer/iron-validatable-behavior" "3.0.0-pre.12"
    "@polymer/polymer" "3.0.0-pre.12"

"@polymer/iron-component-page@3.0.0-pre.12":
  version "3.0.0-pre.12"
  resolved "https://registry.yarnpkg.com/@polymer/iron-component-page/-/iron-component-page-3.0.0-pre.12.tgz#41f67eefbcc11117b4df99b39c0b09079e8e5508"
  dependencies:
    "@polymer/app-layout" "3.0.0-pre.12"
    "@polymer/iron-ajax" "3.0.0-pre.12"
    "@polymer/iron-doc-viewer" "3.0.0-pre.12"
    "@polymer/iron-icons" "3.0.0-pre.12"
    "@polymer/paper-icon-button" "3.0.0-pre.12"
    "@polymer/paper-styles" "3.0.0-pre.12"
    "@polymer/paper-toast" "3.0.0-pre.12"
    "@polymer/polymer" "3.0.0-pre.12"

"@polymer/iron-demo-helpers@3.0.0-pre.12":
  version "3.0.0-pre.12"
  resolved "https://registry.yarnpkg.com/@polymer/iron-demo-helpers/-/iron-demo-helpers-3.0.0-pre.12.tgz#20bff36624b51f445bd216e5b5756ccf4cf04335"
  dependencies:
    "@polymer/font-roboto" "3.0.0-pre.12"
    "@polymer/iron-flex-layout" "3.0.0-pre.12"
    "@polymer/iron-location" "3.0.0-pre.12"
    "@polymer/marked-element" "3.0.0-pre.12"
    "@polymer/polymer" "3.0.0-pre.12"
    "@polymer/prism-element" "3.0.0-pre.12"

"@polymer/iron-doc-viewer@3.0.0-pre.12":
  version "3.0.0-pre.12"
  resolved "https://registry.yarnpkg.com/@polymer/iron-doc-viewer/-/iron-doc-viewer-3.0.0-pre.12.tgz#a606d87962023faae29dbd3578bcff2ad527ba35"
  dependencies:
    "@polymer/iron-location" "3.0.0-pre.12"
    "@polymer/marked-element" "3.0.0-pre.12"
    "@polymer/paper-styles" "3.0.0-pre.12"
    "@polymer/polymer" "3.0.0-pre.12"
    "@polymer/prism-element" "3.0.0-pre.12"

"@polymer/iron-fit-behavior@3.0.0-pre.12":
  version "3.0.0-pre.12"
  resolved "https://registry.yarnpkg.com/@polymer/iron-fit-behavior/-/iron-fit-behavior-3.0.0-pre.12.tgz#c6aa70a768cda9ca34c5f564d3237953a5e70c37"
  dependencies:
    "@polymer/polymer" "3.0.0-pre.12"

"@polymer/iron-flex-layout@3.0.0-pre.12":
  version "3.0.0-pre.12"
  resolved "https://registry.yarnpkg.com/@polymer/iron-flex-layout/-/iron-flex-layout-3.0.0-pre.12.tgz#209791d067521115e61a9fb2cb4070f0de82322b"
  dependencies:
    "@polymer/polymer" "3.0.0-pre.12"

"@polymer/iron-form-element-behavior@3.0.0-pre.12":
  version "3.0.0-pre.12"
  resolved "https://registry.yarnpkg.com/@polymer/iron-form-element-behavior/-/iron-form-element-behavior-3.0.0-pre.12.tgz#5c729b89d032fe1035891cb1c469dbb82665dc52"
  dependencies:
    "@polymer/polymer" "3.0.0-pre.12"

"@polymer/iron-icon@3.0.0-pre.12":
  version "3.0.0-pre.12"
  resolved "https://registry.yarnpkg.com/@polymer/iron-icon/-/iron-icon-3.0.0-pre.12.tgz#5c6c8cef297ef02a25703c9de1dd7aef089c8ee7"
  dependencies:
    "@polymer/iron-flex-layout" "3.0.0-pre.12"
    "@polymer/iron-meta" "3.0.0-pre.12"
    "@polymer/polymer" "3.0.0-pre.12"

"@polymer/iron-icons@3.0.0-pre.12":
  version "3.0.0-pre.12"
  resolved "https://registry.yarnpkg.com/@polymer/iron-icons/-/iron-icons-3.0.0-pre.12.tgz#35316139f6a2c84dc207dbecce174bf122921c0f"
  dependencies:
    "@polymer/iron-icon" "3.0.0-pre.12"
    "@polymer/iron-iconset-svg" "3.0.0-pre.12"
    "@polymer/polymer" "3.0.0-pre.12"

"@polymer/iron-iconset-svg@3.0.0-pre.12":
  version "3.0.0-pre.12"
  resolved "https://registry.yarnpkg.com/@polymer/iron-iconset-svg/-/iron-iconset-svg-3.0.0-pre.12.tgz#99677b304a8ba72d5b6d9ec19ba4e0b16ef47662"
  dependencies:
    "@polymer/iron-meta" "3.0.0-pre.12"
    "@polymer/polymer" "3.0.0-pre.12"

"@polymer/iron-image@3.0.0-pre.12":
  version "3.0.0-pre.12"
  resolved "https://registry.yarnpkg.com/@polymer/iron-image/-/iron-image-3.0.0-pre.12.tgz#470c309ab3ada92cfe5c1db006ca85dff3f34078"
  dependencies:
    "@polymer/polymer" "3.0.0-pre.12"

"@polymer/iron-location@3.0.0-pre.12":
  version "3.0.0-pre.12"
  resolved "https://registry.yarnpkg.com/@polymer/iron-location/-/iron-location-3.0.0-pre.12.tgz#527c6118c3b16a68c41f420951a3dc86f5aa5db8"
  dependencies:
    "@polymer/polymer" "3.0.0-pre.12"

"@polymer/iron-media-query@3.0.0-pre.12":
  version "3.0.0-pre.12"
  resolved "https://registry.yarnpkg.com/@polymer/iron-media-query/-/iron-media-query-3.0.0-pre.12.tgz#b24ad27df566d6990798f5465a7bade40ee197d5"
  dependencies:
    "@polymer/polymer" "3.0.0-pre.12"

"@polymer/iron-meta@3.0.0-pre.12":
  version "3.0.0-pre.12"
  resolved "https://registry.yarnpkg.com/@polymer/iron-meta/-/iron-meta-3.0.0-pre.12.tgz#b89c280f4d004e7d6c8263d848803837e69d9776"
  dependencies:
    "@polymer/polymer" "3.0.0-pre.12"

"@polymer/iron-overlay-behavior@3.0.0-pre.12":
  version "3.0.0-pre.12"
  resolved "https://registry.yarnpkg.com/@polymer/iron-overlay-behavior/-/iron-overlay-behavior-3.0.0-pre.12.tgz#6567ce7d066536f46f16a0e952058b7118cac341"
  dependencies:
    "@polymer/iron-a11y-keys-behavior" "3.0.0-pre.12"
    "@polymer/iron-fit-behavior" "3.0.0-pre.12"
    "@polymer/iron-resizable-behavior" "3.0.0-pre.12"
    "@polymer/polymer" "3.0.0-pre.12"

"@polymer/iron-resizable-behavior@3.0.0-pre.12":
  version "3.0.0-pre.12"
  resolved "https://registry.yarnpkg.com/@polymer/iron-resizable-behavior/-/iron-resizable-behavior-3.0.0-pre.12.tgz#22d468736073c7a65552000bc607ef7507328380"
  dependencies:
    "@polymer/polymer" "3.0.0-pre.12"

"@polymer/iron-scroll-target-behavior@3.0.0-pre.12":
  version "3.0.0-pre.12"
  resolved "https://registry.yarnpkg.com/@polymer/iron-scroll-target-behavior/-/iron-scroll-target-behavior-3.0.0-pre.12.tgz#1c8e579cb1267c9d224a3a05255f442aa989fb98"
  dependencies:
    "@polymer/polymer" "3.0.0-pre.12"

"@polymer/iron-selector@3.0.0-pre.12":
  version "3.0.0-pre.12"
  resolved "https://registry.yarnpkg.com/@polymer/iron-selector/-/iron-selector-3.0.0-pre.12.tgz#0205c620b999f6e790db10200ccfdfd02916a78c"
  dependencies:
    "@polymer/polymer" "3.0.0-pre.12"

"@polymer/iron-test-helpers@3.0.0-pre.12":
  version "3.0.0-pre.12"
  resolved "https://registry.yarnpkg.com/@polymer/iron-test-helpers/-/iron-test-helpers-3.0.0-pre.12.tgz#3184c24c8ea84fd7d503e0032b2546b4b5db641e"
  dependencies:
    "@polymer/polymer" "3.0.0-pre.12"

"@polymer/iron-validatable-behavior@3.0.0-pre.12":
  version "3.0.0-pre.12"
  resolved "https://registry.yarnpkg.com/@polymer/iron-validatable-behavior/-/iron-validatable-behavior-3.0.0-pre.12.tgz#1529a0e70960d2fcd362c1b5c6a7e728560e9c05"
  dependencies:
    "@polymer/iron-meta" "3.0.0-pre.12"
    "@polymer/polymer" "3.0.0-pre.12"

"@polymer/marked-element@3.0.0-pre.12":
  version "3.0.0-pre.12"
  resolved "https://registry.yarnpkg.com/@polymer/marked-element/-/marked-element-3.0.0-pre.12.tgz#7b7cbd84a931c69309b86c68c72444c2d705a871"
  dependencies:
    "@polymer/polymer" "3.0.0-pre.12"
    marked "~0.3.9"

"@polymer/neon-animation@3.0.0-pre.12":
  version "3.0.0-pre.12"
  resolved "https://registry.yarnpkg.com/@polymer/neon-animation/-/neon-animation-3.0.0-pre.12.tgz#395327088ee038f6355e6e08edab827d323f9392"
  dependencies:
    "@polymer/iron-resizable-behavior" "3.0.0-pre.12"
    "@polymer/iron-selector" "3.0.0-pre.12"
    "@polymer/polymer" "3.0.0-pre.12"

"@polymer/paper-behaviors@3.0.0-pre.12":
  version "3.0.0-pre.12"
  resolved "https://registry.yarnpkg.com/@polymer/paper-behaviors/-/paper-behaviors-3.0.0-pre.12.tgz#b6d7686fec73b32c14c106f753c2fc6798690e6e"
  dependencies:
    "@polymer/iron-behaviors" "3.0.0-pre.12"
    "@polymer/iron-checked-element-behavior" "3.0.0-pre.12"
    "@polymer/paper-ripple" "3.0.0-pre.12"
    "@polymer/polymer" "3.0.0-pre.12"

"@polymer/paper-icon-button@3.0.0-pre.12":
  version "3.0.0-pre.12"
  resolved "https://registry.yarnpkg.com/@polymer/paper-icon-button/-/paper-icon-button-3.0.0-pre.12.tgz#52c63fc87d98998d055a1ff5fc46b207ce85c623"
  dependencies:
    "@polymer/iron-icon" "3.0.0-pre.12"
    "@polymer/paper-behaviors" "3.0.0-pre.12"
    "@polymer/paper-styles" "3.0.0-pre.12"
    "@polymer/polymer" "3.0.0-pre.12"

"@polymer/paper-ripple@3.0.0-pre.12":
  version "3.0.0-pre.12"
  resolved "https://registry.yarnpkg.com/@polymer/paper-ripple/-/paper-ripple-3.0.0-pre.12.tgz#66f6f7ab406e7466a980eee0c92f5ff024fc57ea"
  dependencies:
    "@polymer/iron-a11y-keys-behavior" "3.0.0-pre.12"
    "@polymer/polymer" "3.0.0-pre.12"

"@polymer/paper-styles@3.0.0-pre.12":
  version "3.0.0-pre.12"
  resolved "https://registry.yarnpkg.com/@polymer/paper-styles/-/paper-styles-3.0.0-pre.12.tgz#c8e27e078e10a3b90e74d67b964270abe7280ee3"
  dependencies:
    "@polymer/font-roboto" "3.0.0-pre.12"
    "@polymer/iron-flex-layout" "3.0.0-pre.12"
    "@polymer/polymer" "3.0.0-pre.12"

"@polymer/paper-toast@3.0.0-pre.12":
  version "3.0.0-pre.12"
  resolved "https://registry.yarnpkg.com/@polymer/paper-toast/-/paper-toast-3.0.0-pre.12.tgz#fb81555d41f98fd8974a576cd2f4bf64a8d6f995"
  dependencies:
    "@polymer/iron-a11y-announcer" "3.0.0-pre.12"
    "@polymer/iron-fit-behavior" "3.0.0-pre.12"
    "@polymer/iron-overlay-behavior" "3.0.0-pre.12"
    "@polymer/polymer" "3.0.0-pre.12"

"@polymer/polymer@3.0.0-pre.12", "@polymer/polymer@^3.0.0-pre.1":
  version "3.0.0-pre.12"
  resolved "https://registry.yarnpkg.com/@polymer/polymer/-/polymer-3.0.0-pre.12.tgz#3f5dd19099a194bf1066cf417ae13c335bd63b04"
  dependencies:
    "@webcomponents/shadycss" "^1.0.0"
    "@webcomponents/webcomponentsjs" "^1.0.0"

"@polymer/prism-element@3.0.0-pre.12":
  version "3.0.0-pre.12"
  resolved "https://registry.yarnpkg.com/@polymer/prism-element/-/prism-element-3.0.0-pre.12.tgz#4f0952f8d379295aae45edd39be1b59a62e9a22e"
  dependencies:
    "@polymer/polymer" "3.0.0-pre.12"
    prismjs "^1.11.0"

"@polymer/sinonjs@^1.14.1":
  version "1.17.1"
  resolved "https://registry.yarnpkg.com/@polymer/sinonjs/-/sinonjs-1.17.1.tgz#e47d3785b7d0e8c29feb97f7e924b0fc597e2e9b"

"@polymer/test-fixture@^3.0.0-pre.1":
  version "3.0.0-pre.12"
  resolved "https://registry.yarnpkg.com/@polymer/test-fixture/-/test-fixture-3.0.0-pre.12.tgz#04ea96eab0a43d1f543fe547b218e12f09c527be"

"@types/babel-generator@^6.25.1":
  version "6.25.1"
  resolved "https://registry.yarnpkg.com/@types/babel-generator/-/babel-generator-6.25.1.tgz#f86ab3cf132b04597fe6c431d3083aaf1b76b530"
  dependencies:
    "@types/babel-types" "*"

"@types/babel-traverse@^6.25.2":
  version "6.25.3"
  resolved "https://registry.yarnpkg.com/@types/babel-traverse/-/babel-traverse-6.25.3.tgz#34dd69d1e469aee75e20ba00fbc52c7bc717b1c8"
  dependencies:
    "@types/babel-types" "*"

"@types/babel-types@*":
  version "7.0.1"
  resolved "https://registry.yarnpkg.com/@types/babel-types/-/babel-types-7.0.1.tgz#1405e5396968c4302994b0161ce405b72b874257"

"@types/babel-types@^6.25.1":
  version "6.25.2"
  resolved "https://registry.yarnpkg.com/@types/babel-types/-/babel-types-6.25.2.tgz#5c57f45973e4f13742dbc5273dd84cffe7373a9e"

"@types/babylon@^6.16.2":
  version "6.16.2"
  resolved "https://registry.yarnpkg.com/@types/babylon/-/babylon-6.16.2.tgz#062ce63b693d9af1c246f5aedf928bc9c30589c8"
  dependencies:
    "@types/babel-types" "*"

"@types/chai-subset@^1.3.0":
  version "1.3.1"
  resolved "https://registry.yarnpkg.com/@types/chai-subset/-/chai-subset-1.3.1.tgz#114af342bb0a3e04d23f55af279b0a4d383c2edd"
  dependencies:
    "@types/chai" "*"

"@types/chai@*":
  version "4.1.2"
  resolved "https://registry.yarnpkg.com/@types/chai/-/chai-4.1.2.tgz#f1af664769cfb50af805431c407425ed619daa21"

"@types/chalk@^0.4.30":
  version "0.4.31"
  resolved "https://registry.yarnpkg.com/@types/chalk/-/chalk-0.4.31.tgz#a31d74241a6b1edbb973cf36d97a2896834a51f9"

"@types/clone@^0.1.30":
  version "0.1.30"
  resolved "https://registry.yarnpkg.com/@types/clone/-/clone-0.1.30.tgz#e7365648c1b42136a59c7d5040637b3b5c83b614"

"@types/cssbeautify@^0.3.1":
  version "0.3.1"
  resolved "https://registry.yarnpkg.com/@types/cssbeautify/-/cssbeautify-0.3.1.tgz#8e0bee8f7decb952250da0caebe05e30591c17ef"

"@types/doctrine@0.0.3":
  version "0.0.3"
  resolved "https://registry.yarnpkg.com/@types/doctrine/-/doctrine-0.0.3.tgz#e892d293c92c9c1d3f9af72c15a554fbc7e0895a"

"@types/doctrine@^0.0.1":
  version "0.0.1"
  resolved "https://registry.yarnpkg.com/@types/doctrine/-/doctrine-0.0.1.tgz#b999f2d9f7b43cabe0a1a2f39bc203bc7dcada9d"

"@types/events@*":
  version "1.2.0"
  resolved "https://registry.yarnpkg.com/@types/events/-/events-1.2.0.tgz#81a6731ce4df43619e5c8c945383b3e62a89ea86"

"@types/fs-extra@^5.0.0":
  version "5.0.1"
  resolved "https://registry.yarnpkg.com/@types/fs-extra/-/fs-extra-5.0.1.tgz#cd856fbbdd6af2c11f26f8928fd8644c9e9616c9"
  dependencies:
    "@types/node" "*"

"@types/glob@^5.0.35":
  version "5.0.35"
  resolved "https://registry.yarnpkg.com/@types/glob/-/glob-5.0.35.tgz#1ae151c802cece940443b5ac246925c85189f32a"
  dependencies:
    "@types/events" "*"
    "@types/minimatch" "*"
    "@types/node" "*"

"@types/is-windows@^0.2.0":
  version "0.2.0"
  resolved "https://registry.yarnpkg.com/@types/is-windows/-/is-windows-0.2.0.tgz#6f24ee48731d31168ea510610d6dd15e5fc9c6ff"

"@types/minimatch@*", "@types/minimatch@^3.0.1":
  version "3.0.3"
  resolved "https://registry.yarnpkg.com/@types/minimatch/-/minimatch-3.0.3.tgz#3dca0e3f33b200fc7d1139c0cd96c1268cadfd9d"

"@types/node@*":
  version "9.6.0"
  resolved "https://registry.yarnpkg.com/@types/node/-/node-9.6.0.tgz#d3480ee666df9784b1001a1872a2f6ccefb6c2d7"

"@types/node@^4.0.30", "@types/node@^4.2.3":
  version "4.2.23"
  resolved "https://registry.yarnpkg.com/@types/node/-/node-4.2.23.tgz#9241f00d64eb91084f68367746ef10d5fb2f2fc4"

"@types/node@^6.0.0", "@types/node@^6.0.41":
  version "6.0.103"
  resolved "https://registry.yarnpkg.com/@types/node/-/node-6.0.103.tgz#4fddb6c254756e98004039da4e4f4230d1e397ca"

"@types/parse5@^2.2.32", "@types/parse5@^2.2.34":
  version "2.2.34"
  resolved "https://registry.yarnpkg.com/@types/parse5/-/parse5-2.2.34.tgz#e3870a10e82735a720f62d71dcd183ba78ef3a9d"
  dependencies:
    "@types/node" "*"

"@types/resolve@0.0.6":
  version "0.0.6"
  resolved "https://registry.yarnpkg.com/@types/resolve/-/resolve-0.0.6.tgz#0bd2f236c2e1cebb98b79885df57edd71a8d770e"
  dependencies:
    "@types/node" "*"

"@types/winston@^2.2.0":
  version "2.3.8"
  resolved "https://registry.yarnpkg.com/@types/winston/-/winston-2.3.8.tgz#88964f45ecb5ed1feb4bfb38a24316bee8bf8768"
  dependencies:
    "@types/node" "*"

"@webcomponents/shadycss@^1.0.0":
  version "1.1.2"
  resolved "https://registry.yarnpkg.com/@webcomponents/shadycss/-/shadycss-1.1.2.tgz#947e9306eb2e084a4a3a4fd738aced00721bce92"

"@webcomponents/webcomponentsjs@^1.0.0", "@webcomponents/webcomponentsjs@^1.0.7":
  version "1.1.1"
  resolved "https://registry.yarnpkg.com/@webcomponents/webcomponentsjs/-/webcomponentsjs-1.1.1.tgz#50caffdf8a901e5357532b7d85e776637a56446a"

accessibility-developer-tools@^2.12.0:
  version "2.12.0"
  resolved "https://registry.yarnpkg.com/accessibility-developer-tools/-/accessibility-developer-tools-2.12.0.tgz#3da0cce9d6ec6373964b84f35db7cfc3df7ab514"

ansi-regex@^2.0.0:
  version "2.1.1"
  resolved "https://registry.yarnpkg.com/ansi-regex/-/ansi-regex-2.1.1.tgz#c3b33ab5ee360d86e0e628f0468ae7ef27d654df"

ansi-styles@^2.2.1:
  version "2.2.1"
  resolved "https://registry.yarnpkg.com/ansi-styles/-/ansi-styles-2.2.1.tgz#b432dd3358b634cf75e1e4664368240533c1ddbe"

ansi-styles@^3.2.1:
  version "3.2.1"
  resolved "https://registry.yarnpkg.com/ansi-styles/-/ansi-styles-3.2.1.tgz#41fbb20243e50b12be0f04b8dedbf07520ce841d"
  dependencies:
    color-convert "^1.9.0"

argv-tools@^0.1.1:
  version "0.1.1"
  resolved "https://registry.yarnpkg.com/argv-tools/-/argv-tools-0.1.1.tgz#588283f3393ada47141440b12981cd41bf6b7032"
  dependencies:
    array-back "^2.0.0"
    find-replace "^2.0.1"

array-back@^2.0.0:
  version "2.0.0"
  resolved "https://registry.yarnpkg.com/array-back/-/array-back-2.0.0.tgz#6877471d51ecc9c9bfa6136fb6c7d5fe69748022"
  dependencies:
    typical "^2.6.1"

assertion-error@^1.0.1:
  version "1.1.0"
  resolved "https://registry.yarnpkg.com/assertion-error/-/assertion-error-1.1.0.tgz#e60b6b0e8f301bd97e5375215bda406c85118c0b"

async@^1.5.2:
  version "1.5.2"
  resolved "https://registry.yarnpkg.com/async/-/async-1.5.2.tgz#ec6a61ae56480c0c3cb241c95618e20892f9672a"

async@~1.0.0:
  version "1.0.0"
  resolved "https://registry.yarnpkg.com/async/-/async-1.0.0.tgz#f8fc04ca3a13784ade9e1641af98578cfbd647a9"

babel-code-frame@7.0.0-beta.3:
  version "7.0.0-beta.3"
  resolved "https://registry.yarnpkg.com/babel-code-frame/-/babel-code-frame-7.0.0-beta.3.tgz#1614a91b2ba0e3848559f410bbacd030726899c9"
  dependencies:
    chalk "^2.0.0"
    esutils "^2.0.2"
    js-tokens "^3.0.0"

babel-generator@^6.26.0:
  version "6.26.1"
  resolved "https://registry.yarnpkg.com/babel-generator/-/babel-generator-6.26.1.tgz#1844408d3b8f0d35a404ea7ac180f087a601bd90"
  dependencies:
    babel-messages "^6.23.0"
    babel-runtime "^6.26.0"
    babel-types "^6.26.0"
    detect-indent "^4.0.0"
    jsesc "^1.3.0"
    lodash "^4.17.4"
    source-map "^0.5.7"
    trim-right "^1.0.1"

babel-helper-function-name@7.0.0-beta.3:
  version "7.0.0-beta.3"
  resolved "https://registry.yarnpkg.com/babel-helper-function-name/-/babel-helper-function-name-7.0.0-beta.3.tgz#e86dd2eb2c09e06e392e79e203fc02427b24c871"
  dependencies:
    babel-helper-get-function-arity "7.0.0-beta.3"
    babel-template "7.0.0-beta.3"
    babel-traverse "7.0.0-beta.3"
    babel-types "7.0.0-beta.3"

babel-helper-get-function-arity@7.0.0-beta.3:
  version "7.0.0-beta.3"
  resolved "https://registry.yarnpkg.com/babel-helper-get-function-arity/-/babel-helper-get-function-arity-7.0.0-beta.3.tgz#61a47709318a31bc2db872f4be9b4c8447198be8"
  dependencies:
    babel-types "7.0.0-beta.3"

babel-messages@^6.23.0:
  version "6.23.0"
  resolved "https://registry.yarnpkg.com/babel-messages/-/babel-messages-6.23.0.tgz#f3cdf4703858035b2a2951c6ec5edf6c62f2630e"
  dependencies:
    babel-runtime "^6.22.0"

babel-runtime@^6.22.0, babel-runtime@^6.26.0:
  version "6.26.0"
  resolved "https://registry.yarnpkg.com/babel-runtime/-/babel-runtime-6.26.0.tgz#965c7058668e82b55d7bfe04ff2337bc8b5647fe"
  dependencies:
    core-js "^2.4.0"
    regenerator-runtime "^0.11.0"

babel-template@7.0.0-beta.3:
  version "7.0.0-beta.3"
  resolved "https://registry.yarnpkg.com/babel-template/-/babel-template-7.0.0-beta.3.tgz#ebb877b6070ce9912b0d0c22fcad3372165913a8"
  dependencies:
    babel-code-frame "7.0.0-beta.3"
    babel-traverse "7.0.0-beta.3"
    babel-types "7.0.0-beta.3"
    babylon "7.0.0-beta.27"
    lodash "^4.2.0"

babel-traverse@7.0.0-beta.3, babel-traverse@^7.0.0-beta.3:
  version "7.0.0-beta.3"
  resolved "https://registry.yarnpkg.com/babel-traverse/-/babel-traverse-7.0.0-beta.3.tgz#3cf0a45d53d934d85275d8770775d7944fc7c199"
  dependencies:
    babel-code-frame "7.0.0-beta.3"
    babel-helper-function-name "7.0.0-beta.3"
    babel-types "7.0.0-beta.3"
    babylon "7.0.0-beta.27"
    debug "^3.0.1"
    globals "^10.0.0"
    invariant "^2.2.0"
    lodash "^4.2.0"

babel-types@7.0.0-beta.3, babel-types@^7.0.0-beta.3:
  version "7.0.0-beta.3"
  resolved "https://registry.yarnpkg.com/babel-types/-/babel-types-7.0.0-beta.3.tgz#cd927ca70e0ae8ab05f4aab83778cfb3e6eb20b4"
  dependencies:
    esutils "^2.0.2"
    lodash "^4.2.0"
    to-fast-properties "^2.0.0"

babel-types@^6.26.0:
  version "6.26.0"
  resolved "https://registry.yarnpkg.com/babel-types/-/babel-types-6.26.0.tgz#a3b073f94ab49eb6fa55cd65227a334380632497"
  dependencies:
    babel-runtime "^6.26.0"
    esutils "^2.0.2"
    lodash "^4.17.4"
    to-fast-properties "^1.0.3"

babylon@7.0.0-beta.27:
  version "7.0.0-beta.27"
  resolved "https://registry.yarnpkg.com/babylon/-/babylon-7.0.0-beta.27.tgz#b6edd30ef30619e2f630eb52585fdda84e6542cd"

babylon@^7.0.0-beta.40:
  version "7.0.0-beta.42"
  resolved "https://registry.yarnpkg.com/babylon/-/babylon-7.0.0-beta.42.tgz#67cfabcd4f3ec82999d29031ccdea89d0ba99657"

balanced-match@^1.0.0:
  version "1.0.0"
  resolved "https://registry.yarnpkg.com/balanced-match/-/balanced-match-1.0.0.tgz#89b4d199ab2bee49de164ea02b89ce462d71b767"

bower@^1.8.0:
  version "1.8.2"
  resolved "https://registry.yarnpkg.com/bower/-/bower-1.8.2.tgz#adf53529c8d4af02ef24fb8d5341c1419d33e2f7"

brace-expansion@^1.1.7:
  version "1.1.11"
  resolved "https://registry.yarnpkg.com/brace-expansion/-/brace-expansion-1.1.11.tgz#3c7fcbf529d87226f3d2f52b966ff5271eb441dd"
  dependencies:
    balanced-match "^1.0.0"
    concat-map "0.0.1"

browser-stdout@1.3.0:
  version "1.3.0"
  resolved "https://registry.yarnpkg.com/browser-stdout/-/browser-stdout-1.3.0.tgz#f351d32969d32fa5d7a5567154263d928ae3bd1f"

cancel-token@^0.1.1:
  version "0.1.1"
  resolved "https://registry.yarnpkg.com/cancel-token/-/cancel-token-0.1.1.tgz#c18197674bb1c84c1d6933ebf15d8d5a5ce79b4f"
  dependencies:
    "@types/node" "^4.0.30"

chai@^3.5.0:
  version "3.5.0"
  resolved "https://registry.yarnpkg.com/chai/-/chai-3.5.0.tgz#4d02637b067fe958bdbfdd3a40ec56fef7373247"
  dependencies:
    assertion-error "^1.0.1"
    deep-eql "^0.1.3"
    type-detect "^1.0.0"

chalk@^1.1.1, chalk@^1.1.3:
  version "1.1.3"
  resolved "https://registry.yarnpkg.com/chalk/-/chalk-1.1.3.tgz#a8115c55e4a702fe4d150abd3872822a7e09fc98"
  dependencies:
    ansi-styles "^2.2.1"
    escape-string-regexp "^1.0.2"
    has-ansi "^2.0.0"
    strip-ansi "^3.0.0"
    supports-color "^2.0.0"

chalk@^2.0.0, chalk@^2.3.2:
  version "2.3.2"
  resolved "https://registry.yarnpkg.com/chalk/-/chalk-2.3.2.tgz#250dc96b07491bfd601e648d66ddf5f60c7a5c65"
  dependencies:
    ansi-styles "^3.2.1"
    escape-string-regexp "^1.0.5"
    supports-color "^5.3.0"

clipboard@^2.0.0:
  version "2.0.0"
  resolved "https://registry.yarnpkg.com/clipboard/-/clipboard-2.0.0.tgz#4661dc972fb72a4c4770b8db78aa9b1caef52b50"
  dependencies:
    good-listener "^1.2.2"
    select "^1.1.2"
    tiny-emitter "^2.0.0"

clone@^2.0.0, clone@^2.1.0:
  version "2.1.2"
  resolved "https://registry.yarnpkg.com/clone/-/clone-2.1.2.tgz#1b7f4b9f591f1e8f83670401600345a02887435f"

color-convert@^1.9.0:
  version "1.9.1"
  resolved "https://registry.yarnpkg.com/color-convert/-/color-convert-1.9.1.tgz#c1261107aeb2f294ebffec9ed9ecad529a6097ed"
  dependencies:
    color-name "^1.1.1"

color-name@^1.1.1:
  version "1.1.3"
  resolved "https://registry.yarnpkg.com/color-name/-/color-name-1.1.3.tgz#a7d0558bd89c42f795dd42328f740831ca53bc25"

colors@1.0.x:
  version "1.0.3"
  resolved "https://registry.yarnpkg.com/colors/-/colors-1.0.3.tgz#0433f44d809680fdeb60ed260f1b0c262e82a40b"

command-line-args@^5.0.1:
  version "5.0.2"
  resolved "https://registry.yarnpkg.com/command-line-args/-/command-line-args-5.0.2.tgz#c4e56b016636af1323cf485aa25c3cb203dfbbe4"
  dependencies:
    argv-tools "^0.1.1"
    array-back "^2.0.0"
    find-replace "^2.0.1"
    lodash.camelcase "^4.3.0"
    typical "^2.6.1"

command-line-usage@^5.0.2:
  version "5.0.4"
  resolved "https://registry.yarnpkg.com/command-line-usage/-/command-line-usage-5.0.4.tgz#d6d910c249d5c39e908af23b1aa769487de2f74d"
  dependencies:
    array-back "^2.0.0"
    chalk "^2.3.2"
    table-layout "^0.4.3"
    typical "^2.6.1"

commander@2.9.0:
  version "2.9.0"
  resolved "https://registry.yarnpkg.com/commander/-/commander-2.9.0.tgz#9c99094176e12240cb22d6c5146098400fe0f7d4"
  dependencies:
    graceful-readlink ">= 1.0.0"

concat-map@0.0.1:
  version "0.0.1"
  resolved "https://registry.yarnpkg.com/concat-map/-/concat-map-0.0.1.tgz#d8a96bd77fd68df7793a73036a3ba0d5405d477b"

core-js@^2.4.0:
  version "2.5.3"
  resolved "https://registry.yarnpkg.com/core-js/-/core-js-2.5.3.tgz#8acc38345824f16d8365b7c9b4259168e8ed603e"

cssbeautify@^0.3.1:
  version "0.3.1"
  resolved "https://registry.yarnpkg.com/cssbeautify/-/cssbeautify-0.3.1.tgz#12dd1f734035c2e6faca67dcbdcef74e42811397"

cycle@1.0.x:
  version "1.0.3"
  resolved "https://registry.yarnpkg.com/cycle/-/cycle-1.0.3.tgz#21e80b2be8580f98b468f379430662b046c34ad2"

debug@2.6.8:
  version "2.6.8"
  resolved "https://registry.yarnpkg.com/debug/-/debug-2.6.8.tgz#e731531ca2ede27d188222427da17821d68ff4fc"
  dependencies:
    ms "2.0.0"

debug@^3.0.1:
  version "3.1.0"
  resolved "https://registry.yarnpkg.com/debug/-/debug-3.1.0.tgz#5bb5a0672628b64149566ba16819e61518c67261"
  dependencies:
    ms "2.0.0"

deep-eql@^0.1.3:
  version "0.1.3"
  resolved "https://registry.yarnpkg.com/deep-eql/-/deep-eql-0.1.3.tgz#ef558acab8de25206cd713906d74e56930eb69f2"
  dependencies:
    type-detect "0.1.1"

deep-extend@~0.5.0:
  version "0.5.0"
  resolved "https://registry.yarnpkg.com/deep-extend/-/deep-extend-0.5.0.tgz#6ef4a09b05f98b0e358d6d93d4ca3caec6672803"

deep-is@~0.1.3:
  version "0.1.3"
  resolved "https://registry.yarnpkg.com/deep-is/-/deep-is-0.1.3.tgz#b369d6fb5dbc13eecf524f91b070feedc357cf34"

delegate@^3.1.2:
  version "3.2.0"
  resolved "https://registry.yarnpkg.com/delegate/-/delegate-3.2.0.tgz#b66b71c3158522e8ab5744f720d8ca0c2af59166"

detect-indent@^4.0.0:
  version "4.0.0"
  resolved "https://registry.yarnpkg.com/detect-indent/-/detect-indent-4.0.0.tgz#f76d064352cdf43a1cb6ce619c4ee3a9475de208"
  dependencies:
    repeating "^2.0.0"

diff@3.2.0:
  version "3.2.0"
  resolved "https://registry.yarnpkg.com/diff/-/diff-3.2.0.tgz#c9ce393a4b7cbd0b058a725c93df299027868ff9"

doctrine@^2.0.0, doctrine@^2.0.2:
  version "2.1.0"
  resolved "https://registry.yarnpkg.com/doctrine/-/doctrine-2.1.0.tgz#5cd01fc101621b42c4cd7f5d1a66243716d3f39d"
  dependencies:
    esutils "^2.0.2"

dom5@^3.0.0:
  version "3.0.0"
  resolved "https://registry.yarnpkg.com/dom5/-/dom5-3.0.0.tgz#77a36871751cf6344bcd1859ab20304e628425a1"
  dependencies:
    "@types/parse5" "^2.2.32"
    clone "^2.1.0"
    parse5 "^4.0.0"

escape-string-regexp@1.0.5, escape-string-regexp@^1.0.2, escape-string-regexp@^1.0.5:
  version "1.0.5"
  resolved "https://registry.yarnpkg.com/escape-string-regexp/-/escape-string-regexp-1.0.5.tgz#1b61c0562190a8dff6ae3bb2cf0200ca130b86d4"

escodegen@^1.9.0:
  version "1.9.1"
  resolved "https://registry.yarnpkg.com/escodegen/-/escodegen-1.9.1.tgz#dbae17ef96c8e4bedb1356f4504fa4cc2f7cb7e2"
  dependencies:
    esprima "^3.1.3"
    estraverse "^4.2.0"
    esutils "^2.0.2"
    optionator "^0.8.1"
  optionalDependencies:
    source-map "~0.6.1"

esprima@^3.1.3:
  version "3.1.3"
  resolved "https://registry.yarnpkg.com/esprima/-/esprima-3.1.3.tgz#fdca51cee6133895e3c88d535ce49dbff62a4633"

estraverse@^4.2.0:
  version "4.2.0"
  resolved "https://registry.yarnpkg.com/estraverse/-/estraverse-4.2.0.tgz#0dee3fed31fcd469618ce7342099fc1afa0bdb13"

esutils@^2.0.2:
  version "2.0.2"
  resolved "https://registry.yarnpkg.com/esutils/-/esutils-2.0.2.tgz#0abf4f1caa5bcb1f7a9d8acc6dea4faaa04bac9b"

eyes@0.1.x:
  version "0.1.8"
  resolved "https://registry.yarnpkg.com/eyes/-/eyes-0.1.8.tgz#62cf120234c683785d902348a800ef3e0cc20bc0"

fast-levenshtein@~2.0.4:
  version "2.0.6"
  resolved "https://registry.yarnpkg.com/fast-levenshtein/-/fast-levenshtein-2.0.6.tgz#3d8a5c66883a16a30ca8643e851f19baa7797917"

find-replace@^2.0.1:
  version "2.0.1"
  resolved "https://registry.yarnpkg.com/find-replace/-/find-replace-2.0.1.tgz#6d9683a7ca20f8f9aabeabad07e4e2580f528550"
  dependencies:
    array-back "^2.0.0"
    test-value "^3.0.0"

formatio@1.1.1:
  version "1.1.1"
  resolved "https://registry.yarnpkg.com/formatio/-/formatio-1.1.1.tgz#5ed3ccd636551097383465d996199100e86161e9"
  dependencies:
    samsam "~1.1"

fs-extra@^5.0.0:
  version "5.0.0"
  resolved "https://registry.yarnpkg.com/fs-extra/-/fs-extra-5.0.0.tgz#414d0110cdd06705734d055652c5411260c31abd"
  dependencies:
    graceful-fs "^4.1.2"
    jsonfile "^4.0.0"
    universalify "^0.1.0"

fs.realpath@^1.0.0:
  version "1.0.0"
  resolved "https://registry.yarnpkg.com/fs.realpath/-/fs.realpath-1.0.0.tgz#1504ad2523158caa40db4a2787cb01411994ea4f"

glob@7.1.1:
  version "7.1.1"
  resolved "https://registry.yarnpkg.com/glob/-/glob-7.1.1.tgz#805211df04faaf1c63a3600306cdf5ade50b2ec8"
  dependencies:
    fs.realpath "^1.0.0"
    inflight "^1.0.4"
    inherits "2"
    minimatch "^3.0.2"
    once "^1.3.0"
    path-is-absolute "^1.0.0"

glob@^7.1.2:
  version "7.1.2"
  resolved "https://registry.yarnpkg.com/glob/-/glob-7.1.2.tgz#c19c9df9a028702d678612384a6552404c636d15"
  dependencies:
    fs.realpath "^1.0.0"
    inflight "^1.0.4"
    inherits "2"
    minimatch "^3.0.4"
    once "^1.3.0"
    path-is-absolute "^1.0.0"

globals@^10.0.0:
  version "10.4.0"
  resolved "https://registry.yarnpkg.com/globals/-/globals-10.4.0.tgz#5c477388b128a9e4c5c5d01c7a2aca68c68b2da7"

good-listener@^1.2.2:
  version "1.2.2"
  resolved "https://registry.yarnpkg.com/good-listener/-/good-listener-1.2.2.tgz#d53b30cdf9313dffb7dc9a0d477096aa6d145c50"
  dependencies:
    delegate "^3.1.2"

graceful-fs@^4.1.2, graceful-fs@^4.1.6:
  version "4.1.11"
  resolved "https://registry.yarnpkg.com/graceful-fs/-/graceful-fs-4.1.11.tgz#0e8bdfe4d1ddb8854d64e04ea7c00e2a026e5658"

"graceful-readlink@>= 1.0.0":
  version "1.0.1"
  resolved "https://registry.yarnpkg.com/graceful-readlink/-/graceful-readlink-1.0.1.tgz#4cafad76bc62f02fa039b2f94e9a3dd3a391a725"

growl@1.9.2:
  version "1.9.2"
  resolved "https://registry.yarnpkg.com/growl/-/growl-1.9.2.tgz#0ea7743715db8d8de2c5ede1775e1b45ac85c02f"

has-ansi@^2.0.0:
  version "2.0.0"
  resolved "https://registry.yarnpkg.com/has-ansi/-/has-ansi-2.0.0.tgz#34f5049ce1ecdf2b0649af3ef24e45ed35416d91"
  dependencies:
    ansi-regex "^2.0.0"

has-flag@^1.0.0:
  version "1.0.0"
  resolved "https://registry.yarnpkg.com/has-flag/-/has-flag-1.0.0.tgz#9d9e793165ce017a00f00418c43f942a7b1d11fa"

he@1.1.1:
  version "1.1.1"
  resolved "https://registry.yarnpkg.com/he/-/he-1.1.1.tgz#93410fd21b009735151f8868c2f271f3427e23fd"

indent@0.0.2:
  version "0.0.2"
  resolved "https://registry.yarnpkg.com/indent/-/indent-0.0.2.tgz#8c79f080190559b687034b84c7aefa97d5a911d9"

inflight@^1.0.4:
  version "1.0.6"
  resolved "https://registry.yarnpkg.com/inflight/-/inflight-1.0.6.tgz#49bd6331d7d02d0c09bc910a1075ba8165b56df9"
  dependencies:
    once "^1.3.0"
    wrappy "1"

inherits@2, inherits@2.0.1, inherits@2.0.3:
  version "2.0.3"
  resolved "https://registry.yarnpkg.com/inherits/-/inherits-2.0.3.tgz#633c2c83e3da42a502f52466022480f4208261de"

invariant@^2.2.0:
  version "2.2.4"
  resolved "https://registry.yarnpkg.com/invariant/-/invariant-2.2.4.tgz#610f3c92c9359ce1db616e538008d23ff35158e6"
  dependencies:
    loose-envify "^1.0.0"

is-finite@^1.0.0:
  version "1.0.2"
  resolved "https://registry.yarnpkg.com/is-finite/-/is-finite-1.0.2.tgz#cc6677695602be550ef11e8b4aa6305342b6d0aa"
  dependencies:
    number-is-nan "^1.0.0"

is-windows@^1.0.2:
  version "1.0.2"
  resolved "https://registry.yarnpkg.com/is-windows/-/is-windows-1.0.2.tgz#d1850eb9791ecd18e6182ce12a30f396634bb19d"

isstream@0.1.x:
  version "0.1.2"
  resolved "https://registry.yarnpkg.com/isstream/-/isstream-0.1.2.tgz#47e63f7af55afa6f92e1500e690eb8b8529c099a"

js-tokens@^3.0.0:
  version "3.0.2"
  resolved "https://registry.yarnpkg.com/js-tokens/-/js-tokens-3.0.2.tgz#9866df395102130e38f7f996bceb65443209c25b"

jsesc@^1.3.0:
  version "1.3.0"
  resolved "https://registry.yarnpkg.com/jsesc/-/jsesc-1.3.0.tgz#46c3fec8c1892b12b0833db9bc7622176dbab34b"

json3@3.3.2:
  version "3.3.2"
  resolved "https://registry.yarnpkg.com/json3/-/json3-3.3.2.tgz#3c0434743df93e2f5c42aee7b19bcb483575f4e1"

jsonfile@^4.0.0:
  version "4.0.0"
  resolved "https://registry.yarnpkg.com/jsonfile/-/jsonfile-4.0.0.tgz#8771aae0799b64076b76640fca058f9c10e33ecb"
  optionalDependencies:
    graceful-fs "^4.1.6"

jsonschema@^1.1.0, jsonschema@^1.1.1:
  version "1.2.2"
  resolved "https://registry.yarnpkg.com/jsonschema/-/jsonschema-1.2.2.tgz#83ab9c63d65bf4d596f91d81195e78772f6452bc"

levn@~0.3.0:
  version "0.3.0"
  resolved "https://registry.yarnpkg.com/levn/-/levn-0.3.0.tgz#3b09924edf9f083c0490fdd4c0bc4421e04764ee"
  dependencies:
    prelude-ls "~1.1.2"
    type-check "~0.3.2"

lodash._baseassign@^3.0.0:
  version "3.2.0"
  resolved "https://registry.yarnpkg.com/lodash._baseassign/-/lodash._baseassign-3.2.0.tgz#8c38a099500f215ad09e59f1722fd0c52bfe0a4e"
  dependencies:
    lodash._basecopy "^3.0.0"
    lodash.keys "^3.0.0"

lodash._basecopy@^3.0.0:
  version "3.0.1"
  resolved "https://registry.yarnpkg.com/lodash._basecopy/-/lodash._basecopy-3.0.1.tgz#8da0e6a876cf344c0ad8a54882111dd3c5c7ca36"

lodash._basecreate@^3.0.0:
  version "3.0.3"
  resolved "https://registry.yarnpkg.com/lodash._basecreate/-/lodash._basecreate-3.0.3.tgz#1bc661614daa7fc311b7d03bf16806a0213cf821"

lodash._getnative@^3.0.0:
  version "3.9.1"
  resolved "https://registry.yarnpkg.com/lodash._getnative/-/lodash._getnative-3.9.1.tgz#570bc7dede46d61cdcde687d65d3eecbaa3aaff5"

lodash._isiterateecall@^3.0.0:
  version "3.0.9"
  resolved "https://registry.yarnpkg.com/lodash._isiterateecall/-/lodash._isiterateecall-3.0.9.tgz#5203ad7ba425fae842460e696db9cf3e6aac057c"

lodash.camelcase@^4.3.0:
  version "4.3.0"
  resolved "https://registry.yarnpkg.com/lodash.camelcase/-/lodash.camelcase-4.3.0.tgz#b28aa6288a2b9fc651035c7711f65ab6190331a6"

lodash.create@3.1.1:
  version "3.1.1"
  resolved "https://registry.yarnpkg.com/lodash.create/-/lodash.create-3.1.1.tgz#d7f2849f0dbda7e04682bb8cd72ab022461debe7"
  dependencies:
    lodash._baseassign "^3.0.0"
    lodash._basecreate "^3.0.0"
    lodash._isiterateecall "^3.0.0"

lodash.isarguments@^3.0.0:
  version "3.1.0"
  resolved "https://registry.yarnpkg.com/lodash.isarguments/-/lodash.isarguments-3.1.0.tgz#2f573d85c6a24289ff00663b491c1d338ff3458a"

lodash.isarray@^3.0.0:
  version "3.0.4"
  resolved "https://registry.yarnpkg.com/lodash.isarray/-/lodash.isarray-3.0.4.tgz#79e4eb88c36a8122af86f844aa9bcd851b5fbb55"

lodash.keys@^3.0.0:
  version "3.1.2"
  resolved "https://registry.yarnpkg.com/lodash.keys/-/lodash.keys-3.1.2.tgz#4dbc0472b156be50a0b286855d1bd0b0c656098a"
  dependencies:
    lodash._getnative "^3.0.0"
    lodash.isarguments "^3.0.0"
    lodash.isarray "^3.0.0"

lodash.padend@^4.6.1:
  version "4.6.1"
  resolved "https://registry.yarnpkg.com/lodash.padend/-/lodash.padend-4.6.1.tgz#53ccba047d06e158d311f45da625f4e49e6f166e"

lodash.sortby@^4.7.0:
  version "4.7.0"
  resolved "https://registry.yarnpkg.com/lodash.sortby/-/lodash.sortby-4.7.0.tgz#edd14c824e2cc9c1e0b0a1b42bb5210516a42438"

lodash@^3.0.0, lodash@^3.10.1:
  version "3.10.1"
  resolved "https://registry.yarnpkg.com/lodash/-/lodash-3.10.1.tgz#5bf45e8e49ba4189e17d482789dfd15bd140b7b6"

lodash@^4.17.4, lodash@^4.2.0:
  version "4.17.5"
  resolved "https://registry.yarnpkg.com/lodash/-/lodash-4.17.5.tgz#99a92d65c0272debe8c96b6057bc8fbfa3bed511"

lolex@1.3.2:
  version "1.3.2"
  resolved "https://registry.yarnpkg.com/lolex/-/lolex-1.3.2.tgz#7c3da62ffcb30f0f5a80a2566ca24e45d8a01f31"

loose-envify@^1.0.0:
  version "1.3.1"
  resolved "https://registry.yarnpkg.com/loose-envify/-/loose-envify-1.3.1.tgz#d1a8ad33fa9ce0e713d65fdd0ac8b748d478c848"
  dependencies:
    js-tokens "^3.0.0"

marked@~0.3.9:
  version "0.3.19"
  resolved "https://registry.yarnpkg.com/marked/-/marked-0.3.19.tgz#5d47f709c4c9fc3c216b6d46127280f40b39d790"

minimatch-all@^1.1.0:
  version "1.1.0"
  resolved "https://registry.yarnpkg.com/minimatch-all/-/minimatch-all-1.1.0.tgz#40c496a27a2e128d19bf758e76bb01a0c7145787"
  dependencies:
    minimatch "^3.0.2"

minimatch@^3.0.2, minimatch@^3.0.4:
  version "3.0.4"
  resolved "https://registry.yarnpkg.com/minimatch/-/minimatch-3.0.4.tgz#5166e286457f03306064be5497e8dbb0c3d32083"
  dependencies:
    brace-expansion "^1.1.7"

minimist@0.0.8:
  version "0.0.8"
  resolved "https://registry.yarnpkg.com/minimist/-/minimist-0.0.8.tgz#857fcabfc3397d2625b8228262e86aa7a011b05d"

mkdirp@0.5.1:
  version "0.5.1"
  resolved "https://registry.yarnpkg.com/mkdirp/-/mkdirp-0.5.1.tgz#30057438eac6cf7f8c4767f38648d6697d75c903"
  dependencies:
    minimist "0.0.8"

mocha@^3.4.2:
  version "3.5.3"
  resolved "https://registry.yarnpkg.com/mocha/-/mocha-3.5.3.tgz#1e0480fe36d2da5858d1eb6acc38418b26eaa20d"
  dependencies:
    browser-stdout "1.3.0"
    commander "2.9.0"
    debug "2.6.8"
    diff "3.2.0"
    escape-string-regexp "1.0.5"
    glob "7.1.1"
    growl "1.9.2"
    he "1.1.1"
    json3 "3.3.2"
    lodash.create "3.1.1"
    mkdirp "0.5.1"
    supports-color "3.1.2"

ms@2.0.0:
  version "2.0.0"
  resolved "https://registry.yarnpkg.com/ms/-/ms-2.0.0.tgz#5608aeadfc00be6c2901df5f9861788de0d597c8"

number-is-nan@^1.0.0:
  version "1.0.1"
  resolved "https://registry.yarnpkg.com/number-is-nan/-/number-is-nan-1.0.1.tgz#097b602b53422a522c1afb8790318336941a011d"

once@^1.3.0:
  version "1.4.0"
  resolved "https://registry.yarnpkg.com/once/-/once-1.4.0.tgz#583b1aa775961d4b113ac17d9c50baef9dd76bd1"
  dependencies:
    wrappy "1"

optionator@^0.8.1:
  version "0.8.2"
  resolved "https://registry.yarnpkg.com/optionator/-/optionator-0.8.2.tgz#364c5e409d3f4d6301d6c0b4c05bba50180aeb64"
  dependencies:
    deep-is "~0.1.3"
    fast-levenshtein "~2.0.4"
    levn "~0.3.0"
    prelude-ls "~1.1.2"
    type-check "~0.3.2"
    wordwrap "~1.0.0"

parse5@^4.0.0:
  version "4.0.0"
  resolved "https://registry.yarnpkg.com/parse5/-/parse5-4.0.0.tgz#6d78656e3da8d78b4ec0b906f7c08ef1dfe3f608"

path-is-absolute@^1.0.0:
  version "1.0.1"
  resolved "https://registry.yarnpkg.com/path-is-absolute/-/path-is-absolute-1.0.1.tgz#174b9268735534ffbc7ace6bf53a5a9e1b5c5f5f"

path-is-inside@^1.0.2:
  version "1.0.2"
  resolved "https://registry.yarnpkg.com/path-is-inside/-/path-is-inside-1.0.2.tgz#365417dede44430d1c11af61027facf074bdfc53"

path-parse@^1.0.5:
  version "1.0.5"
  resolved "https://registry.yarnpkg.com/path-parse/-/path-parse-1.0.5.tgz#3c1adf871ea9cd6c9431b6ea2bd74a0ff055c4c1"

plylog@^0.5.0:
  version "0.5.0"
  resolved "https://registry.yarnpkg.com/plylog/-/plylog-0.5.0.tgz#c976eba1d80d2dd991005d7c110daf874154788f"
  dependencies:
    "@types/node" "^4.2.3"
    "@types/winston" "^2.2.0"
    winston "^2.2.0"

polymer-analyzer@=3.0.0-pre.14:
  version "3.0.0-pre.14"
  resolved "https://registry.yarnpkg.com/polymer-analyzer/-/polymer-analyzer-3.0.0-pre.14.tgz#5a6a56c1f52cdba357ecbd00d4b35015aab29b66"
  dependencies:
    "@types/babel-generator" "^6.25.1"
    "@types/babel-traverse" "^6.25.2"
    "@types/babel-types" "^6.25.1"
    "@types/babylon" "^6.16.2"
    "@types/chai-subset" "^1.3.0"
    "@types/chalk" "^0.4.30"
    "@types/clone" "^0.1.30"
    "@types/cssbeautify" "^0.3.1"
    "@types/doctrine" "^0.0.1"
    "@types/is-windows" "^0.2.0"
    "@types/minimatch" "^3.0.1"
    "@types/node" "^6.0.0"
    "@types/parse5" "^2.2.34"
    "@types/resolve" "0.0.6"
    babel-generator "^6.26.0"
    babel-traverse "^7.0.0-beta.3"
    babel-types "^7.0.0-beta.3"
    babylon "^7.0.0-beta.40"
    cancel-token "^0.1.1"
    chalk "^1.1.3"
    clone "^2.0.0"
    cssbeautify "^0.3.1"
    doctrine "^2.0.2"
    dom5 "^3.0.0"
    indent "0.0.2"
    is-windows "^1.0.2"
    jsonschema "^1.1.0"
    minimatch "^3.0.4"
    parse5 "^4.0.0"
    path-is-inside "^1.0.2"
    polymer-project-config "^3.6.0"
    resolve "^1.5.0"
    shady-css-parser "^0.1.0"
    stable "^0.1.6"
    strip-indent "^2.0.0"
    vscode-uri "^1.0.1"
    whatwg-url "^6.4.0"

polymer-project-config@^3.6.0:
  version "3.10.0"
  resolved "https://registry.yarnpkg.com/polymer-project-config/-/polymer-project-config-3.10.0.tgz#5fa6ed6163e302a4331e7bee8b15054a88f107b1"
  dependencies:
    "@types/node" "^6.0.41"
    jsonschema "^1.1.1"
    minimatch-all "^1.1.0"
    plylog "^0.5.0"

prelude-ls@~1.1.2:
  version "1.1.2"
  resolved "https://registry.yarnpkg.com/prelude-ls/-/prelude-ls-1.1.2.tgz#21932a549f5e52ffd9a827f570e04be62a97da54"

prismjs@^1.11.0:
  version "1.13.0"
  resolved "https://registry.yarnpkg.com/prismjs/-/prismjs-1.13.0.tgz#edcc14a90bbd72a03e5ffd2bab81a04c79a607a6"
  optionalDependencies:
    clipboard "^2.0.0"

punycode@^2.1.0:
  version "2.1.0"
  resolved "https://registry.yarnpkg.com/punycode/-/punycode-2.1.0.tgz#5f863edc89b96db09074bad7947bf09056ca4e7d"

reduce-flatten@^1.0.1:
  version "1.0.1"
  resolved "https://registry.yarnpkg.com/reduce-flatten/-/reduce-flatten-1.0.1.tgz#258c78efd153ddf93cb561237f61184f3696e327"

regenerator-runtime@^0.11.0:
  version "0.11.1"
  resolved "https://registry.yarnpkg.com/regenerator-runtime/-/regenerator-runtime-0.11.1.tgz#be05ad7f9bf7d22e056f9726cee5017fbf19e2e9"

repeating@^2.0.0:
  version "2.0.1"
  resolved "https://registry.yarnpkg.com/repeating/-/repeating-2.0.1.tgz#5214c53a926d3552707527fbab415dbc08d06dda"
  dependencies:
    is-finite "^1.0.0"

resolve@^1.5.0:
  version "1.6.0"
  resolved "https://registry.yarnpkg.com/resolve/-/resolve-1.6.0.tgz#0fbd21278b27b4004481c395349e7aba60a9ff5c"
  dependencies:
    path-parse "^1.0.5"

samsam@1.1.2, samsam@1.1.3, samsam@~1.1:
  version "1.1.3"
  resolved "https://registry.yarnpkg.com/samsam/-/samsam-1.1.3.tgz#9f5087419b4d091f232571e7fa52e90b0f552621"

select@^1.1.2:
  version "1.1.2"
  resolved "https://registry.yarnpkg.com/select/-/select-1.1.2.tgz#0e7350acdec80b1108528786ec1d4418d11b396d"

shady-css-parser@^0.1.0:
  version "0.1.0"
  resolved "https://registry.yarnpkg.com/shady-css-parser/-/shady-css-parser-0.1.0.tgz#534dc79c8ca5884c5ed92a4e5a13d6d863bca428"

sinon-chai@^2.10.0:
  version "2.14.0"
  resolved "https://registry.yarnpkg.com/sinon-chai/-/sinon-chai-2.14.0.tgz#da7dd4cc83cd6a260b67cca0f7a9fdae26a1205d"

sinon@^1.17.1:
  version "1.17.7"
  resolved "https://registry.yarnpkg.com/sinon/-/sinon-1.17.7.tgz#4542a4f49ba0c45c05eb2e9dd9d203e2b8efe0bf"
  dependencies:
    formatio "1.1.1"
    lolex "1.3.2"
    samsam "1.1.2"
    util ">=0.10.3 <1"

source-map@^0.5.7:
  version "0.5.7"
  resolved "https://registry.yarnpkg.com/source-map/-/source-map-0.5.7.tgz#8a039d2d1021d22d1ea14c80d8ea468ba2ef3fcc"

source-map@~0.6.1:
  version "0.6.1"
  resolved "https://registry.yarnpkg.com/source-map/-/source-map-0.6.1.tgz#74722af32e9614e9c287a8d0bbde48b5e2f1a263"

stable@^0.1.6:
  version "0.1.6"
  resolved "https://registry.yarnpkg.com/stable/-/stable-0.1.6.tgz#910f5d2aed7b520c6e777499c1f32e139fdecb10"

stack-trace@0.0.x:
  version "0.0.10"
  resolved "https://registry.yarnpkg.com/stack-trace/-/stack-trace-0.0.10.tgz#547c70b347e8d32b4e108ea1a2a159e5fdde19c0"

stacky@^1.3.1:
  version "1.3.1"
  resolved "https://registry.yarnpkg.com/stacky/-/stacky-1.3.1.tgz#3f117e5187b9a73d23f876d69f05c85b11804a12"
  dependencies:
    chalk "^1.1.1"
    lodash "^3.0.0"

strip-ansi@^3.0.0:
  version "3.0.1"
  resolved "https://registry.yarnpkg.com/strip-ansi/-/strip-ansi-3.0.1.tgz#6a385fb8853d952d5ff05d0e8aaf94278dc63dcf"
  dependencies:
    ansi-regex "^2.0.0"

strip-indent@^2.0.0:
  version "2.0.0"
  resolved "https://registry.yarnpkg.com/strip-indent/-/strip-indent-2.0.0.tgz#5ef8db295d01e6ed6cbf7aab96998d7822527b68"

supports-color@3.1.2, supports-color@^2.0.0, supports-color@^5.3.0:
  version "3.1.2"
  resolved "https://registry.yarnpkg.com/supports-color/-/supports-color-3.1.2.tgz#72a262894d9d408b956ca05ff37b2ed8a6e2a2d5"
  dependencies:
    has-flag "^1.0.0"

table-layout@^0.4.3:
  version "0.4.3"
  resolved "https://registry.yarnpkg.com/table-layout/-/table-layout-0.4.3.tgz#07509e1d72599f2c128a58ac67682ec4ba002af0"
  dependencies:
    array-back "^2.0.0"
    deep-extend "~0.5.0"
    lodash.padend "^4.6.1"
    typical "^2.6.1"
    wordwrapjs "^3.0.0"

test-value@^3.0.0:
  version "3.0.0"
  resolved "https://registry.yarnpkg.com/test-value/-/test-value-3.0.0.tgz#9168c062fab11a86b8d444dd968bb4b73851ce92"
  dependencies:
    array-back "^2.0.0"
    typical "^2.6.1"

tiny-emitter@^2.0.0:
  version "2.0.2"
  resolved "https://registry.yarnpkg.com/tiny-emitter/-/tiny-emitter-2.0.2.tgz#82d27468aca5ade8e5fd1e6d22b57dd43ebdfb7c"

to-fast-properties@^1.0.3:
  version "1.0.3"
  resolved "https://registry.yarnpkg.com/to-fast-properties/-/to-fast-properties-1.0.3.tgz#b83571fa4d8c25b82e231b06e3a3055de4ca1a47"

to-fast-properties@^2.0.0:
  version "2.0.0"
  resolved "https://registry.yarnpkg.com/to-fast-properties/-/to-fast-properties-2.0.0.tgz#dc5e698cbd079265bc73e0377681a4e4e83f616e"

tr46@^1.0.0:
  version "1.0.1"
  resolved "https://registry.yarnpkg.com/tr46/-/tr46-1.0.1.tgz#a8b13fd6bfd2489519674ccde55ba3693b706d09"
  dependencies:
    punycode "^2.1.0"

trim-right@^1.0.1:
  version "1.0.1"
  resolved "https://registry.yarnpkg.com/trim-right/-/trim-right-1.0.1.tgz#cb2e1203067e0c8de1f614094b9fe45704ea6003"

type-check@~0.3.2:
  version "0.3.2"
  resolved "https://registry.yarnpkg.com/type-check/-/type-check-0.3.2.tgz#5884cab512cf1d355e3fb784f30804b2b520db72"
  dependencies:
    prelude-ls "~1.1.2"

type-detect@0.1.1, type-detect@1.0.0, type-detect@^1.0.0:
  version "1.0.0"
  resolved "https://registry.yarnpkg.com/type-detect/-/type-detect-1.0.0.tgz#762217cc06db258ec48908a1298e8b95121e8ea2"

typical@^2.6.1:
  version "2.6.1"
  resolved "https://registry.yarnpkg.com/typical/-/typical-2.6.1.tgz#5c080e5d661cbbe38259d2e70a3c7253e873881d"

universalify@^0.1.0:
  version "0.1.1"
  resolved "https://registry.yarnpkg.com/universalify/-/universalify-0.1.1.tgz#fa71badd4437af4c148841e3b3b165f9e9e590b7"

"util@>=0.10.3 <1":
  version "0.10.3"
  resolved "https://registry.yarnpkg.com/util/-/util-0.10.3.tgz#7afb1afe50805246489e3db7fe0ed379336ac0f9"
  dependencies:
    inherits "2.0.1"

vscode-uri@^1.0.1, vscode-uri@^1.0.3:
  version "1.0.3"
  resolved "https://registry.yarnpkg.com/vscode-uri/-/vscode-uri-1.0.3.tgz#631bdbf716dccab0e65291a8dc25c23232085a52"

wct-browser-legacy@0.0.1-pre.11:
  version "0.0.1-pre.11"
  resolved "https://registry.yarnpkg.com/wct-browser-legacy/-/wct-browser-legacy-0.0.1-pre.11.tgz#5827387c86e43b32fbe09fd0a7af473b7998a3b1"
  dependencies:
    "@polymer/polymer" "^3.0.0-pre.1"
    "@polymer/sinonjs" "^1.14.1"
    "@polymer/test-fixture" "^3.0.0-pre.1"
    "@webcomponents/webcomponentsjs" "^1.0.7"
    accessibility-developer-tools "^2.12.0"
    async "^1.5.2"
    chai "^3.5.0"
    lodash "^3.10.1"
    mocha "^3.4.2"
    sinon "^1.17.1"
    sinon-chai "^2.10.0"
    stacky "^1.3.1"

web-animations-js@^2.3.1:
  version "2.3.1"
  resolved "https://registry.yarnpkg.com/web-animations-js/-/web-animations-js-2.3.1.tgz#3a6d9bc15196377a90f8e2803fa5262165b04510"

webidl-conversions@^4.0.1:
  version "4.0.2"
  resolved "https://registry.yarnpkg.com/webidl-conversions/-/webidl-conversions-4.0.2.tgz#a855980b1f0b6b359ba1d5d9fb39ae941faa63ad"

whatwg-url@^6.4.0:
  version "6.4.0"
  resolved "https://registry.yarnpkg.com/whatwg-url/-/whatwg-url-6.4.0.tgz#08fdf2b9e872783a7a1f6216260a1d66cc722e08"
  dependencies:
    lodash.sortby "^4.7.0"
    tr46 "^1.0.0"
    webidl-conversions "^4.0.1"

winston@^2.2.0:
  version "2.4.1"
  resolved "https://registry.yarnpkg.com/winston/-/winston-2.4.1.tgz#a3a9265105564263c6785b4583b8c8aca26fded6"
  dependencies:
    async "~1.0.0"
    colors "1.0.x"
    cycle "1.0.x"
    eyes "0.1.x"
    isstream "0.1.x"
    stack-trace "0.0.x"

wordwrap@~1.0.0:
  version "1.0.0"
  resolved "https://registry.yarnpkg.com/wordwrap/-/wordwrap-1.0.0.tgz#27584810891456a4171c8d0226441ade90cbcaeb"

wordwrapjs@^3.0.0:
  version "3.0.0"
  resolved "https://registry.yarnpkg.com/wordwrapjs/-/wordwrapjs-3.0.0.tgz#c94c372894cadc6feb1a66bff64e1d9af92c5d1e"
  dependencies:
    reduce-flatten "^1.0.1"
    typical "^2.6.1"

wrappy@1:
  version "1.0.2"
  resolved "https://registry.yarnpkg.com/wrappy/-/wrappy-1.0.2.tgz#b5243d8f3ec1aa35f1364605bc0d1036e30ab69f"
